
Microsoft Visual Studio Solution File, Format Version 12.00
# Visual Studio Version 16
VisualStudioVersion = 16.0.32106.194
MinimumVisualStudioVersion = 10.0.40219.1
Project("{9A19103F-16F7-4668-BE54-9A1E7A4F7556}") = "TwitterFeeds", "TwitterFeeds\TwitterFeeds.csproj", "{A59A8327-0E6B-4833-A8E7-AB1C448E6F88}"
EndProject
Project("{FAE04EC0-301F-11D3-BF4B-00C04F79EFBC}") = "TwitterFeeds.Test", "TwitterFeeds.Test\TwitterFeeds.Test.csproj", "{81EF4E8F-7A06-46C1-BBEE-2B9629BAF9A6}"
EndProject
Global
	GlobalSection(SolutionConfigurationPlatforms) = preSolution
		Debug|Any CPU = Debug|Any CPU
		Release|Any CPU = Release|Any CPU
	EndGlobalSection
	GlobalSection(ProjectConfigurationPlatforms) = postSolution
		{A59A8327-0E6B-4833-A8E7-AB1C448E6F88}.Debug|Any CPU.ActiveCfg = Debug|Any CPU
		{A59A8327-0E6B-4833-A8E7-AB1C448E6F88}.Debug|Any CPU.Build.0 = Debug|Any CPU
		{A59A8327-0E6B-4833-A8E7-AB1C448E6F88}.Release|Any CPU.ActiveCfg = Release|Any CPU
		{A59A8327-0E6B-4833-A8E7-AB1C448E6F88}.Release|Any CPU.Build.0 = Release|Any CPU
		{81EF4E8F-7A06-46C1-BBEE-2B9629BAF9A6}.Debug|Any CPU.ActiveCfg = Debug|Any CPU
		{81EF4E8F-7A06-46C1-BBEE-2B9629BAF9A6}.Debug|Any CPU.Build.0 = Debug|Any CPU
		{81EF4E8F-7A06-46C1-BBEE-2B9629BAF9A6}.Release|Any CPU.ActiveCfg = Release|Any CPU
		{81EF4E8F-7A06-46C1-BBEE-2B9629BAF9A6}.Release|Any CPU.Build.0 = Release|Any CPU
	EndGlobalSection
	GlobalSection(SolutionProperties) = preSolution
		HideSolutionNode = FALSE
	EndGlobalSection
	GlobalSection(ExtensibilityGlobals) = postSolution
		SolutionGuid = {1A5A8ADE-FFB0-494E-89E3-69DC3299B41B}
	EndGlobalSection
EndGlobal
